# THIS IS AN AUTOGENERATED FILE. DO NOT EDIT THIS FILE DIRECTLY.
# yarn lockfile v1


"@vincent687/storybook@^0.0.0":
  version "0.0.0"
  resolved "https://registry.yarnpkg.com/@vincent687/storybook/-/storybook-0.0.0.tgz#79f599bbe0bcf82369ccc8674216702986949457"
  integrity sha512-GlMDhmrmZjAzYOiRUTyljqcv5fVCKbWIQB7AcnDSkEPo4ceq3/5NBcTI4H9sMNgUCG+nWHs1zLSQoD7rsC4rBQ==
